// !$*UTF8*$!
{
	archiveVersion = 1;
	classes = {
	};
	objectVersion = 48;
	objects = {

/* Begin PBXBuildFile section */
		C30804351F9BC9F50012634B /* RatingControl.swift in Sources */ = {isa = PBXBuildFile; fileRef = C30804341F9BC9F50012634B /* RatingControl.swift */; };
		C30E7FA51FA95CD6005A6414 /* Meal.swift in Sources */ = {isa = PBXBuildFile; fileRef = C30E7FA41FA95CD6005A6414 /* Meal.swift */; };
		C30E7FA61FA9618C005A6414 /* Meal.swift in Sources */ = {isa = PBXBuildFile; fileRef = C30E7FA41FA95CD6005A6414 /* Meal.swift */; };
		C30E7FA81FA96486005A6414 /* MealTableViewCell.swift in Sources */ = {isa = PBXBuildFile; fileRef = C30E7FA71FA96486005A6414 /* MealTableViewCell.swift */; };
		C30E7FAA1FA96873005A6414 /* MealTableViewController.swift in Sources */ = {isa = PBXBuildFile; fileRef = C30E7FA91FA96873005A6414 /* MealTableViewController.swift */; };
		C338989A1F913B500063249A /* AppDelegate.swift in Sources */ = {isa = PBXBuildFile; fileRef = C33898991F913B500063249A /* AppDelegate.swift */; };
		C338989C1F913B500063249A /* MealViewController.swift in Sources */ = {isa = PBXBuildFile; fileRef = C338989B1F913B500063249A /* MealViewController.swift */; };
		C338989F1F913B500063249A /* Main.storyboard in Resources */ = {isa = PBXBuildFile; fileRef = C338989D1F913B500063249A /* Main.storyboard */; };
		C33898A11F913B500063249A /* Assets.xcassets in Resources */ = {isa = PBXBuildFile; fileRef = C33898A01F913B500063249A /* Assets.xcassets */; };
		C33898A41F913B500063249A /* LaunchScreen.storyboard in Resources */ = {isa = PBXBuildFile; fileRef = C33898A21F913B500063249A /* LaunchScreen.storyboard */; };
		C33898AF1F913B500063249A /* FoodTrackerTests.swift in Sources */ = {isa = PBXBuildFile; fileRef = C33898AE1F913B500063249A /* FoodTrackerTests.swift */; };
/* End PBXBuildFile section */

/* Begin PBXContainerItemProxy section */
		C33898AB1F913B500063249A /* PBXContainerItemProxy */ = {
			isa = PBXContainerItemProxy;
			containerPortal = C338988E1F913B500063249A /* Project object */;
			proxyType = 1;
			remoteGlobalIDString = C33898951F913B500063249A;
			remoteInfo = FoodTracker;
		};
/* End PBXContainerItemProxy section */

/* Begin PBXFileReference section */
		C30804341F9BC9F50012634B /* RatingControl.swift */ = {isa = PBXFileReference; lastKnownFileType = sourcecode.swift; path = RatingControl.swift; sourceTree = "<group>"; };
		C30E7FA41FA95CD6005A6414 /* Meal.swift */ = {isa = PBXFileReference; lastKnownFileType = sourcecode.swift; path = Meal.swift; sourceTree = "<group>"; };
		C30E7FA71FA96486005A6414 /* MealTableViewCell.swift */ = {isa = PBXFileReference; lastKnownFileType = sourcecode.swift; path = MealTableViewCell.swift; sourceTree = "<group>"; };
		C30E7FA91FA96873005A6414 /* MealTableViewController.swift */ = {isa = PBXFileReference; lastKnownFileType = sourcecode.swift; path = MealTableViewController.swift; sourceTree = "<group>"; };
		C33898961F913B500063249A /* FoodTracker.app */ = {isa = PBXFileReference; explicitFileType = wrapper.application; includeInIndex = 0; path = FoodTracker.app; sourceTree = BUILT_PRODUCTS_DIR; };
		C33898991F913B500063249A /* AppDelegate.swift */ = {isa = PBXFileReference; lastKnownFileType = sourcecode.swift; path = AppDelegate.swift; sourceTree = "<group>"; };
		C338989B1F913B500063249A /* MealViewController.swift */ = {isa = PBXFileReference; lastKnownFileType = sourcecode.swift; path = MealViewController.swift; sourceTree = "<group>"; };
		C338989E1F913B500063249A /* Base */ = {isa = PBXFileReference; lastKnownFileType = file.storyboard; name = Base; path = Base.lproj/Main.storyboard; sourceTree = "<group>"; };
		C33898A01F913B500063249A /* Assets.xcassets */ = {isa = PBXFileReference; lastKnownFileType = folder.assetcatalog; path = Assets.xcassets; sourceTree = "<group>"; };
		C33898A31F913B500063249A /* Base */ = {isa = PBXFileReference; lastKnownFileType = file.storyboard; name = Base; path = Base.lproj/LaunchScreen.storyboard; sourceTree = "<group>"; };
		C33898A51F913B500063249A /* Info.plist */ = {isa = PBXFileReference; lastKnownFileType = text.plist.xml; path = Info.plist; sourceTree = "<group>"; };
		C33898AA1F913B500063249A /* FoodTrackerTests.xctest */ = {isa = PBXFileReference; explicitFileType = wrapper.cfbundle; includeInIndex = 0; path = FoodTrackerTests.xctest; sourceTree = BUILT_PRODUCTS_DIR; };
		C33898AE1F913B500063249A /* FoodTrackerTests.swift */ = {isa = PBXFileReference; lastKnownFileType = sourcecode.swift; path = FoodTrackerTests.swift; sourceTree = "<group>"; };
		C33898B01F913B500063249A /* Info.plist */ = {isa = PBXFileReference; lastKnownFileType = text.plist.xml; path = Info.plist; sourceTree = "<group>"; };
/* End PBXFileReference section */

/* Begin PBXFrameworksBuildPhase section */
		C33898931F913B500063249A /* Frameworks */ = {
			isa = PBXFrameworksBuildPhase;
			buildActionMask = 2147483647;
			files = (
			);
			runOnlyForDeploymentPostprocessing = 0;
		};
		C33898A71F913B500063249A /* Frameworks */ = {
			isa = PBXFrameworksBuildPhase;
			buildActionMask = 2147483647;
			files = (
			);
			runOnlyForDeploymentPostprocessing = 0;
		};
/* End PBXFrameworksBuildPhase section */

/* Begin PBXGroup section */
		C338988D1F913B500063249A = {
			isa = PBXGroup;
			children = (
				C33898981F913B500063249A /* FoodTracker */,
				C33898AD1F913B500063249A /* FoodTrackerTests */,
				C33898971F913B500063249A /* Products */,
			);
			sourceTree = "<group>";
		};
		C33898971F913B500063249A /* Products */ = {
			isa = PBXGroup;
			children = (
				C33898961F913B500063249A /* FoodTracker.app */,
				C33898AA1F913B500063249A /* FoodTrackerTests.xctest */,
			);
			name = Products;
			sourceTree = "<group>";
		};
		C33898981F913B500063249A /* FoodTracker */ = {
			isa = PBXGroup;
			children = (
				C33898991F913B500063249A /* AppDelegate.swift */,
				C338989B1F913B500063249A /* MealViewController.swift */,
				C30804341F9BC9F50012634B /* RatingControl.swift */,
				C30E7FA41FA95CD6005A6414 /* Meal.swift */,
				C30E7FA71FA96486005A6414 /* MealTableViewCell.swift */,
				C30E7FA91FA96873005A6414 /* MealTableViewController.swift */,
				C338989D1F913B500063249A /* Main.storyboard */,
				C33898A01F913B500063249A /* Assets.xcassets */,
				C33898A21F913B500063249A /* LaunchScreen.storyboard */,
				C33898A51F913B500063249A /* Info.plist */,
			);
			path = FoodTracker;
			sourceTree = "<group>";
		};
		C33898AD1F913B500063249A /* FoodTrackerTests */ = {
			isa = PBXGroup;
			children = (
				C33898AE1F913B500063249A /* FoodTrackerTests.swift */,
				C33898B01F913B500063249A /* Info.plist */,
			);
			path = FoodTrackerTests;
			sourceTree = "<group>";
		};
/* End PBXGroup section */

/* Begin PBXNativeTarget section */
		C33898951F913B500063249A /* FoodTracker */ = {
			isa = PBXNativeTarget;
			buildConfigurationList = C33898B31F913B500063249A /* Build configuration list for PBXNativeTarget "FoodTracker" */;
			buildPhases = (
				C33898921F913B500063249A /* Sources */,
				C33898931F913B500063249A /* Frameworks */,
				C33898941F913B500063249A /* Resources */,
			);
			buildRules = (
			);
			dependencies = (
			);
			name = FoodTracker;
			productName = FoodTracker;
			productReference = C33898961F913B500063249A /* FoodTracker.app */;
			productType = "com.apple.product-type.application";
		};
		C33898A91F913B500063249A /* FoodTrackerTests */ = {
			isa = PBXNativeTarget;
			buildConfigurationList = C33898B61F913B500063249A /* Build configuration list for PBXNativeTarget "FoodTrackerTests" */;
			buildPhases = (
				C33898A61F913B500063249A /* Sources */,
				C33898A71F913B500063249A /* Frameworks */,
				C33898A81F913B500063249A /* Resources */,
			);
			buildRules = (
			);
			dependencies = (
				C33898AC1F913B500063249A /* PBXTargetDependency */,
			);
			name = FoodTrackerTests;
			productName = FoodTrackerTests;
			productReference = C33898AA1F913B500063249A /* FoodTrackerTests.xctest */;
			productType = "com.apple.product-type.bundle.unit-test";
		};
/* End PBXNativeTarget section */

/* Begin PBXProject section */
		C338988E1F913B500063249A /* Project object */ = {
			isa = PBXProject;
			attributes = {
				LastSwiftUpdateCheck = 0900;
				LastUpgradeCheck = 0900;
				ORGANIZATIONNAME = SmileZero;
				TargetAttributes = {
					C33898951F913B500063249A = {
						CreatedOnToolsVersion = 9.0;
						ProvisioningStyle = Automatic;
					};
					C33898A91F913B500063249A = {
						CreatedOnToolsVersion = 9.0;
						ProvisioningStyle = Automatic;
						TestTargetID = C33898951F913B500063249A;
					};
				};
			};
			buildConfigurationList = C33898911F913B500063249A /* Build configuration list for PBXProject "FoodTracker" */;
			compatibilityVersion = "Xcode 8.0";
			developmentRegion = en;
			hasScannedForEncodings = 0;
			knownRegions = (
				en,
				Base,
			);
			mainGroup = C338988D1F913B500063249A;
			productRefGroup = C33898971F913B500063249A /* Products */;
			projectDirPath = "";
			projectRoot = "";
			targets = (
				C33898951F913B500063249A /* FoodTracker */,
				C33898A91F913B500063249A /* FoodTrackerTests */,
			);
		};
/* End PBXProject section */

/* Begin PBXResourcesBuildPhase section */
		C33898941F913B500063249A /* Resources */ = {
			isa = PBXResourcesBuildPhase;
			buildActionMask = 2147483647;
			files = (
				C33898A41F913B500063249A /* LaunchScreen.storyboard in Resources */,
				C33898A11F913B500063249A /* Assets.xcassets in Resources */,
				C338989F1F913B500063249A /* Main.storyboard in Resources */,
			);
			runOnlyForDeploymentPostprocessing = 0;
		};
		C33898A81F913B500063249A /* Resources */ = {
			isa = PBXResourcesBuildPhase;
			buildActionMask = 2147483647;
			files = (
			);
			runOnlyForDeploymentPostprocessing = 0;
		};
/* End PBXResourcesBuildPhase section */

/* Begin PBXSourcesBuildPhase section */
		C33898921F913B500063249A /* Sources */ = {
			isa = PBXSourcesBuildPhase;
			buildActionMask = 2147483647;
			files = (
				C30E7FA51FA95CD6005A6414 /* Meal.swift in Sources */,
				C338989C1F913B500063249A /* MealViewController.swift in Sources */,
				C30804351F9BC9F50012634B /* RatingControl.swift in Sources */,
				C338989A1F913B500063249A /* AppDelegate.swift in Sources */,
				C30E7FAA1FA96873005A6414 /* MealTableViewController.swift in Sources */,
				C30E7FA81FA96486005A6414 /* MealTableViewCell.swift in Sources */,
			);
			runOnlyForDeploymentPostprocessing = 0;
		};
		C33898A61F913B500063249A /* Sources */ = {
			isa = PBXSourcesBuildPhase;
			buildActionMask = 2147483647;
			files = (
				C30E7FA61FA9618C005A6414 /* Meal.swift in Sources */,
				C33898AF1F913B500063249A /* FoodTrackerTests.swift in Sources */,
			);
			runOnlyForDeploymentPostprocessing = 0;
		};
/* End PBXSourcesBuildPhase section */

/* Begin PBXTargetDependency section */
		C33898AC1F913B500063249A /* PBXTargetDependency */ = {
			isa = PBXTargetDependency;
			target = C33898951F913B500063249A /* FoodTracker */;
			targetProxy = C33898AB1F913B500063249A /* PBXContainerItemProxy */;
		};
/* End PBXTargetDependency section */

/* Begin PBXVariantGroup section */
		C338989D1F913B500063249A /* Main.storyboard */ = {
			isa = PBXVariantGroup;
			children = (
				C338989E1F913B500063249A /* Base */,
			);
			name = Main.storyboard;
			sourceTree = "<group>";
		};
		C33898A21F913B500063249A /* LaunchScreen.storyboard */ = {
			isa = PBXVariantGroup;
			children = (
				C33898A31F913B500063249A /* Base */,
			);
			name = LaunchScreen.storyboard;
			sourceTree = "<group>";
		};
/* End PBXVariantGroup section */

/* Begin XCBuildConfiguration section */
		C33898B11F913B500063249A /* Debug */ = {
			isa = XCBuildConfiguration;
			buildSettings = {
				ALWAYS_SEARCH_USER_PATHS = NO;
				CLANG_ANALYZER_NONNULL = YES;
				CLANG_ANALYZER_NUMBER_OBJECT_CONVERSION = YES_AGGRESSIVE;
				CLANG_CXX_LANGUAGE_STANDARD = "gnu++14";
				CLANG_CXX_LIBRARY = "libc++";
				CLANG_ENABLE_MODULES = YES;
				CLANG_ENABLE_OBJC_ARC = YES;
				CLANG_WARN_BLOCK_CAPTURE_AUTORELEASING = YES;
				CLANG_WARN_BOOL_CONVERSION = YES;
				CLANG_WARN_COMMA = YES;
				CLANG_WARN_CONSTANT_CONVERSION = YES;
				CLANG_WARN_DIRECT_OBJC_ISA_USAGE = YES_ERROR;
				CLANG_WARN_DOCUMENTATION_COMMENTS = YES;
				CLANG_WARN_EMPTY_BODY = YES;
				CLANG_WARN_ENUM_CONVERSION = YES;
				CLANG_WARN_INFINITE_RECURSION = YES;
				CLANG_WARN_INT_CONVERSION = YES;
				CLANG_WARN_NON_LITERAL_NULL_CONVERSION = YES;
				CLANG_WARN_OBJC_LITERAL_CONVERSION = YES;
				CLANG_WARN_OBJC_ROOT_CLASS = YES_ERROR;
				CLANG_WARN_RANGE_LOOP_ANALYSIS = YES;
				CLANG_WARN_STRICT_PROTOTYPES = YES;
				CLANG_WARN_SUSPICIOUS_MOVE = YES;
				CLANG_WARN_UNGUARDED_AVAILABILITY = YES_AGGRESSIVE;
				CLANG_WARN_UNREACHABLE_CODE = YES;
				CLANG_WARN__DUPLICATE_METHOD_MATCH = YES;
				CODE_SIGN_IDENTITY = "iPhone Developer";
				COPY_PHASE_STRIP = NO;
				DEBUG_INFORMATION_FORMAT = dwarf;
				ENABLE_STRICT_OBJC_MSGSEND = YES;
				ENABLE_TESTABILITY = YES;
				GCC_C_LANGUAGE_STANDARD = gnu11;
				GCC_DYNAMIC_NO_PIC = NO;
				GCC_NO_COMMON_BLOCKS = YES;
				GCC_OPTIMIZATION_LEVEL = 0;
				GCC_PREPROCESSOR_DEFINITIONS = (
					"DEBUG=1",
					"$(inherited)",
				);
				GCC_WARN_64_TO_32_BIT_CONVERSION = YES;
				GCC_WARN_ABOUT_RETURN_TYPE = YES_ERROR;
				GCC_WARN_UNDECLARED_SELECTOR = YES;
				GCC_WARN_UNINITIALIZED_AUTOS = YES_AGGRESSIVE;
				GCC_WARN_UNUSED_FUNCTION = YES;
				GCC_WARN_UNUSED_VARIABLE = YES;
				IPHONEOS_DEPLOYMENT_TARGET = 11.0;
				MTL_ENABLE_DEBUG_INFO = YES;
				ONLY_ACTIVE_ARCH = YES;
				SDKROOT = iphoneos;
				SWIFT_ACTIVE_COMPILATION_CONDITIONS = DEBUG;
				SWIFT_OPTIMIZATION_LEVEL = "-Onone";
			};
			name = Debug;
		};
		C33898B21F913B500063249A /* Release */ = {
			isa = XCBuildConfiguration;
			buildSettings = {
				ALWAYS_SEARCH_USER_PATHS = NO;
				CLANG_ANALYZER_NONNULL = YES;
				CLANG_ANALYZER_NUMBER_OBJECT_CONVERSION = YES_AGGRESSIVE;
				CLANG_CXX_LANGUAGE_STANDARD = "gnu++14";
				CLANG_CXX_LIBRARY = "libc++";
				CLANG_ENABLE_MODULES = YES;
				CLANG_ENABLE_OBJC_ARC = YES;
				CLANG_WARN_BLOCK_CAPTURE_AUTORELEASING = YES;
				CLANG_WARN_BOOL_CONVERSION = YES;
				CLANG_WARN_COMMA = YES;
				CLANG_WARN_CONSTANT_CONVERSION = YES;
				CLANG_WARN_DIRECT_OBJC_ISA_USAGE = YES_ERROR;
				CLANG_WARN_DOCUMENTATION_COMMENTS = YES;
				CLANG_WARN_EMPTY_BODY = YES;
				CLANG_WARN_ENUM_CONVERSION = YES;
				CLANG_WARN_INFINITE_RECURSION = YES;
				CLANG_WARN_INT_CONVERSION = YES;
				CLANG_WARN_NON_LITERAL_NULL_CONVERSION = YES;
				CLANG_WARN_OBJC_LITERAL_CONVERSION = YES;
				CLANG_WARN_OBJC_ROOT_CLASS = YES_ERROR;
				CLANG_WARN_RANGE_LOOP_ANALYSIS = YES;
				CLANG_WARN_STRICT_PROTOTYPES = YES;
				CLANG_WARN_SUSPICIOUS_MOVE = YES;
				CLANG_WARN_UNGUARDED_AVAILABILITY = YES_AGGRESSIVE;
				CLANG_WARN_UNREACHABLE_CODE = YES;
				CLANG_WARN__DUPLICATE_METHOD_MATCH = YES;
				CODE_SIGN_IDENTITY = "iPhone Developer";
				COPY_PHASE_STRIP = NO;
				DEBUG_INFORMATION_FORMAT = "dwarf-with-dsym";
				ENABLE_NS_ASSERTIONS = NO;
				ENABLE_STRICT_OBJC_MSGSEND = YES;
				GCC_C_LANGUAGE_STANDARD = gnu11;
				GCC_NO_COMMON_BLOCKS = YES;
				GCC_WARN_64_TO_32_BIT_CONVERSION = YES;
				GCC_WARN_ABOUT_RETURN_TYPE = YES_ERROR;
				GCC_WARN_UNDECLARED_SELECTOR = YES;
				GCC_WARN_UNINITIALIZED_AUTOS = YES_AGGRESSIVE;
				GCC_WARN_UNUSED_FUNCTION = YES;
				GCC_WARN_UNUSED_VARIABLE = YES;
				IPHONEOS_DEPLOYMENT_TARGET = 11.0;
				MTL_ENABLE_DEBUG_INFO = NO;
				SDKROOT = iphoneos;
				SWIFT_OPTIMIZATION_LEVEL = "-Owholemodule";
				VALIDATE_PRODUCT = YES;
			};
			name = Release;
		};
		C33898B41F913B500063249A /* Debug */ = {
			isa = XCBuildConfiguration;
			buildSettings = {
				ASSETCATALOG_COMPILER_APPICON_NAME = AppIcon;
				CODE_SIGN_STYLE = Automatic;
				INFOPLIST_FILE = FoodTracker/Info.plist;
				LD_RUNPATH_SEARCH_PATHS = "$(inherited) @executable_path/Frameworks";
				PRODUCT_BUNDLE_IDENTIFIER = CMU.FoodTracker;
				PRODUCT_NAME = "$(TARGET_NAME)";
				SWIFT_VERSION = 4.0;
				TARGETED_DEVICE_FAMILY = "1,2";
			};
			name = Debug;
		};
		C33898B51F913B500063249A /* Release */ = {
			isa = XCBuildConfiguration;
			buildSettings = {
				ASSETCATALOG_COMPILER_APPICON_NAME = AppIcon;
				CODE_SIGN_STYLE = Automatic;
				INFOPLIST_FILE = FoodTracker/Info.plist;
				LD_RUNPATH_SEARCH_PATHS = "$(inherited) @executable_path/Frameworks";
				PRODUCT_BUNDLE_IDENTIFIER = CMU.FoodTracker;
				PRODUCT_NAME = "$(TARGET_NAME)";
				SWIFT_VERSION = 4.0;
				TARGETED_DEVICE_FAMILY = "1,2";
			};
			name = Release;
		};
		C33898B71F913B500063249A /* Debug */ = {
			isa = XCBuildConfiguration;
			buildSettings = {
				ALWAYS_EMBED_SWIFT_STANDARD_LIBRARIES = YES;
				BUNDLE_LOADER = "$(TEST_HOST)";
				CODE_SIGN_STYLE = Automatic;
				INFOPLIST_FILE = FoodTrackerTests/Info.plist;
				LD_RUNPATH_SEARCH_PATHS = "$(inherited) @executable_path/Frameworks @loader_path/Frameworks";
				PRODUCT_BUNDLE_IDENTIFIER = CMU.FoodTrackerTests;
				PRODUCT_NAME = "$(TARGET_NAME)";
				SWIFT_VERSION = 4.0;
				TARGETED_DEVICE_FAMILY = "1,2";
				TEST_HOST = "$(BUILT_PRODUCTS_DIR)/FoodTracker.app/FoodTracker";
			};
			name = Debug;
		};
		C33898B81F913B500063249A /* Release */ = {
			isa = XCBuildConfiguration;
			buildSettings = {
				ALWAYS_EMBED_SWIFT_STANDARD_LIBRARIES = YES;
				BUNDLE_LOADER = "$(TEST_HOST)";
				CODE_SIGN_STYLE = Automatic;
				INFOPLIST_FILE = FoodTrackerTests/Info.plist;
				LD_RUNPATH_SEARCH_PATHS = "$(inherited) @executable_path/Frameworks @loader_path/Frameworks";
				PRODUCT_BUNDLE_IDENTIFIER = CMU.FoodTrackerTests;
				PRODUCT_NAME = "$(TARGET_NAME)";
				SWIFT_VERSION = 4.0;
				TARGETED_DEVICE_FAMILY = "1,2";
				TEST_HOST = "$(BUILT_PRODUCTS_DIR)/FoodTracker.app/FoodTracker";
			};
			name = Release;
		};
/* End XCBuildConfiguration section */

/* Begin XCConfigurationList section */
		C33898911F913B500063249A /* Build configuration list for PBXProject "FoodTracker" */ = {
			isa = XCConfigurationList;
			buildConfigurations = (
				C33898B11F913B500063249A /* Debug */,
				C33898B21F913B500063249A /* Release */,
			);
			defaultConfigurationIsVisible = 0;
			defaultConfigurationName = Release;
		};
		C33898B31F913B500063249A /* Build configuration list for PBXNativeTarget "FoodTracker" */ = {
			isa = XCConfigurationList;
			buildConfigurations = (
				C33898B41F913B500063249A /* Debug */,
				C33898B51F913B500063249A /* Release */,
			);
			defaultConfigurationIsVisible = 0;
			defaultConfigurationName = Release;
		};
		C33898B61F913B500063249A /* Build configuration list for PBXNativeTarget "FoodTrackerTests" */ = {
			isa = XCConfigurationList;
			buildConfigurations = (
				C33898B71F913B500063249A /* Debug */,
				C33898B81F913B500063249A /* Release */,
			);
			defaultConfigurationIsVisible = 0;
			defaultConfigurationName = Release;
		};
/* End XCConfigurationList section */
	};
	rootObject = C338988E1F913B500063249A /* Project object */;
}
